
Microsoft Visual Studio Solution File, Format Version 12.00
# Visual Studio 14
VisualStudioVersion = 14.0.23107.0
MinimumVisualStudioVersion = 10.0.40219.1
Project("{FAE04EC0-301F-11D3-BF4B-00C04F79EFBC}") = "Dargon.Scene.Api", "Dargon.Scene.Api.csproj", "{56A84A0B-A3B5-49BF-AC8B-39859FF32DEC}"
EndProject
Project("{FAE04EC0-301F-11D3-BF4B-00C04F79EFBC}") = "Dargon.Scene.Api.Tests", "Tests\Dargon.Scene.Api.Tests.csproj", "{64843699-B6E9-43BB-86A4-6A8907B40991}"
EndProject
Global
	GlobalSection(SolutionConfigurationPlatforms) = preSolution
		Debug|Any CPU = Debug|Any CPU
		Release|Any CPU = Release|Any CPU
	EndGlobalSection
	GlobalSection(ProjectConfigurationPlatforms) = postSolution
		{56A84A0B-A3B5-49BF-AC8B-39859FF32DEC}.Debug|Any CPU.ActiveCfg = Debug|Any CPU
		{56A84A0B-A3B5-49BF-AC8B-39859FF32DEC}.Debug|Any CPU.Build.0 = Debug|Any CPU
		{56A84A0B-A3B5-49BF-AC8B-39859FF32DEC}.Release|Any CPU.ActiveCfg = Release|Any CPU
		{56A84A0B-A3B5-49BF-AC8B-39859FF32DEC}.Release|Any CPU.Build.0 = Release|Any CPU
		{64843699-B6E9-43BB-86A4-6A8907B40991}.Debug|Any CPU.ActiveCfg = Debug|Any CPU
		{64843699-B6E9-43BB-86A4-6A8907B40991}.Debug|Any CPU.Build.0 = Debug|Any CPU
		{64843699-B6E9-43BB-86A4-6A8907B40991}.Release|Any CPU.ActiveCfg = Release|Any CPU
		{64843699-B6E9-43BB-86A4-6A8907B40991}.Release|Any CPU.Build.0 = Release|Any CPU
	EndGlobalSection
	GlobalSection(SolutionProperties) = preSolution
		HideSolutionNode = FALSE
	EndGlobalSection
EndGlobal
